
Microsoft Visual Studio Solution File, Format Version 12.00
# Visual Studio Version 17
VisualStudioVersion = 17.9.34701.34
MinimumVisualStudioVersion = 10.0.40219.1
Project("{FAE04EC0-301F-11D3-BF4B-00C04F79EFBC}") = "SCMCare", "SCMCare.csproj", "{1E645FDF-6FFE-4575-8272-EA6913A13B30}"
EndProject
Global
	GlobalSection(SolutionConfigurationPlatforms) = preSolution
		Debug|Any CPU = Debug|Any CPU
		Release|Any CPU = Release|Any CPU
	EndGlobalSection
	GlobalSection(ProjectConfigurationPlatforms) = postSolution
		{1E645FDF-6FFE-4575-8272-EA6913A13B30}.Debug|Any CPU.ActiveCfg = Debug|Any CPU
		{1E645FDF-6FFE-4575-8272-EA6913A13B30}.Debug|Any CPU.Build.0 = Debug|Any CPU
		{1E645FDF-6FFE-4575-8272-EA6913A13B30}.Release|Any CPU.ActiveCfg = Release|Any CPU
		{1E645FDF-6FFE-4575-8272-EA6913A13B30}.Release|Any CPU.Build.0 = Release|Any CPU
	EndGlobalSection
	GlobalSection(SolutionProperties) = preSolution
		HideSolutionNode = FALSE
	EndGlobalSection
	GlobalSection(ExtensibilityGlobals) = postSolution
		SolutionGuid = {CD5B2D1D-C947-4914-A0F5-92514A79DAB1}
	EndGlobalSection
EndGlobal
